
Microsoft Visual Studio Solution File, Format Version 12.00
# Visual Studio Version 16
VisualStudioVersion = 16.0.32002.261
MinimumVisualStudioVersion = 10.0.40219.1
Project("{FAE04EC0-301F-11D3-BF4B-00C04F79EFBC}") = "MyFirstASPNETWebApp", "MyFirstASPNETWebApp\MyFirstASPNETWebApp.csproj", "{FAAA8B10-4436-43CA-8FC4-24AB67C6C41E}"
EndProject
Global
	GlobalSection(SolutionConfigurationPlatforms) = preSolution
		Debug|Any CPU = Debug|Any CPU
		Release|Any CPU = Release|Any CPU
	EndGlobalSection
	GlobalSection(ProjectConfigurationPlatforms) = postSolution
		{FAAA8B10-4436-43CA-8FC4-24AB67C6C41E}.Debug|Any CPU.ActiveCfg = Debug|Any CPU
		{FAAA8B10-4436-43CA-8FC4-24AB67C6C41E}.Debug|Any CPU.Build.0 = Debug|Any CPU
		{FAAA8B10-4436-43CA-8FC4-24AB67C6C41E}.Release|Any CPU.ActiveCfg = Release|Any CPU
		{FAAA8B10-4436-43CA-8FC4-24AB67C6C41E}.Release|Any CPU.Build.0 = Release|Any CPU
	EndGlobalSection
	GlobalSection(SolutionProperties) = preSolution
		HideSolutionNode = FALSE
	EndGlobalSection
	GlobalSection(ExtensibilityGlobals) = postSolution
		SolutionGuid = {7401873F-DD83-44AB-8E40-82B1D9FF529E}
	EndGlobalSection
EndGlobal
